// !$*UTF8*$!
{
	archiveVersion = 1;
	classes = {
	};
	objectVersion = 77;
	objects = {

/* Begin PBXBuildFile section */
		F81ADDFC2D3DC7E200D7F0B7 /* Launch Screen.storyboard in Resources */ = {isa = PBXBuildFile; fileRef = F81ADDFB2D3DC7E200D7F0B7 /* Launch Screen.storyboard */; };
		F81ADE4C2D3DCB7100D7F0B7 /* Settings.bundle in Resources */ = {isa = PBXBuildFile; fileRef = F81ADE4B2D3DCB7100D7F0B7 /* Settings.bundle */; };
		F81ADE892D3DCFF000D7F0B7 /* README.md in Resources */ = {isa = PBXBuildFile; fileRef = F81ADE882D3DCFF000D7F0B7 /* README.md */; };
/* End PBXBuildFile section */

/* Begin PBXContainerItemProxy section */
		F81ADDDF2D3DC74000D7F0B7 /* PBXContainerItemProxy */ = {
			isa = PBXContainerItemProxy;
			containerPortal = F81ADDC62D3DC73F00D7F0B7 /* Project object */;
			proxyType = 1;
			remoteGlobalIDString = F81ADDCD2D3DC73F00D7F0B7;
			remoteInfo = Sailing;
		};
		F81ADDE92D3DC74000D7F0B7 /* PBXContainerItemProxy */ = {
			isa = PBXContainerItemProxy;
			containerPortal = F81ADDC62D3DC73F00D7F0B7 /* Project object */;
			proxyType = 1;
			remoteGlobalIDString = F81ADDCD2D3DC73F00D7F0B7;
			remoteInfo = Sailing;
		};
/* End PBXContainerItemProxy section */

/* Begin PBXFileReference section */
		F81ADDCE2D3DC73F00D7F0B7 /* Sailing.app */ = {isa = PBXFileReference; explicitFileType = wrapper.application; includeInIndex = 0; path = Sailing.app; sourceTree = BUILT_PRODUCTS_DIR; };
		F81ADDDE2D3DC74000D7F0B7 /* SailingTests.xctest */ = {isa = PBXFileReference; explicitFileType = wrapper.cfbundle; includeInIndex = 0; path = SailingTests.xctest; sourceTree = BUILT_PRODUCTS_DIR; };
		F81ADDE82D3DC74000D7F0B7 /* SailingUITests.xctest */ = {isa = PBXFileReference; explicitFileType = wrapper.cfbundle; includeInIndex = 0; path = SailingUITests.xctest; sourceTree = BUILT_PRODUCTS_DIR; };
		F81ADDFB2D3DC7E200D7F0B7 /* Launch Screen.storyboard */ = {isa = PBXFileReference; lastKnownFileType = file.storyboard; path = "Launch Screen.storyboard"; sourceTree = "<group>"; };
		F81ADE4B2D3DCB7100D7F0B7 /* Settings.bundle */ = {isa = PBXFileReference; lastKnownFileType = "wrapper.plug-in"; path = Settings.bundle; sourceTree = "<group>"; };
		F81ADE882D3DCFF000D7F0B7 /* README.md */ = {isa = PBXFileReference; lastKnownFileType = net.daringfireball.markdown; path = README.md; sourceTree = "<group>"; };
/* End PBXFileReference section */

/* Begin PBXFileSystemSynchronizedBuildFileExceptionSet section */
		F8A926552D403D7000B818B9 /* Exceptions for "Sailing" folder in "Sailing" target */ = {
			isa = PBXFileSystemSynchronizedBuildFileExceptionSet;
			membershipExceptions = (
				Info.plist,
			);
			target = F81ADDCD2D3DC73F00D7F0B7 /* Sailing */;
		};
/* End PBXFileSystemSynchronizedBuildFileExceptionSet section */

/* Begin PBXFileSystemSynchronizedRootGroup section */
		F81ADDD02D3DC73F00D7F0B7 /* Sailing */ = {
			isa = PBXFileSystemSynchronizedRootGroup;
			exceptions = (
				F8A926552D403D7000B818B9 /* Exceptions for "Sailing" folder in "Sailing" target */,
			);
			path = Sailing;
			sourceTree = "<group>";
		};
		F81ADDE12D3DC74000D7F0B7 /* SailingTests */ = {
			isa = PBXFileSystemSynchronizedRootGroup;
			path = SailingTests;
			sourceTree = "<group>";
		};
		F81ADDEB2D3DC74000D7F0B7 /* SailingUITests */ = {
			isa = PBXFileSystemSynchronizedRootGroup;
			path = SailingUITests;
			sourceTree = "<group>";
		};
/* End PBXFileSystemSynchronizedRootGroup section */

/* Begin PBXFrameworksBuildPhase section */
		F81ADDCB2D3DC73F00D7F0B7 /* Frameworks */ = {
			isa = PBXFrameworksBuildPhase;
			buildActionMask = 2147483647;
			files = (
			);
			runOnlyForDeploymentPostprocessing = 0;
		};
		F81ADDDB2D3DC74000D7F0B7 /* Frameworks */ = {
			isa = PBXFrameworksBuildPhase;
			buildActionMask = 2147483647;
			files = (
			);
			runOnlyForDeploymentPostprocessing = 0;
		};
		F81ADDE52D3DC74000D7F0B7 /* Frameworks */ = {
			isa = PBXFrameworksBuildPhase;
			buildActionMask = 2147483647;
			files = (
			);
			runOnlyForDeploymentPostprocessing = 0;
		};
/* End PBXFrameworksBuildPhase section */

/* Begin PBXGroup section */
		F81ADDC52D3DC73F00D7F0B7 = {
			isa = PBXGroup;
			children = (
				F81ADDFB2D3DC7E200D7F0B7 /* Launch Screen.storyboard */,
				F81ADE4B2D3DCB7100D7F0B7 /* Settings.bundle */,
				F81ADDD02D3DC73F00D7F0B7 /* Sailing */,
				F81ADDE12D3DC74000D7F0B7 /* SailingTests */,
				F81ADDEB2D3DC74000D7F0B7 /* SailingUITests */,
				F81ADDCF2D3DC73F00D7F0B7 /* Products */,
				F81ADE882D3DCFF000D7F0B7 /* README.md */,
			);
			sourceTree = "<group>";
		};
		F81ADDCF2D3DC73F00D7F0B7 /* Products */ = {
			isa = PBXGroup;
			children = (
				F81ADDCE2D3DC73F00D7F0B7 /* Sailing.app */,
				F81ADDDE2D3DC74000D7F0B7 /* SailingTests.xctest */,
				F81ADDE82D3DC74000D7F0B7 /* SailingUITests.xctest */,
			);
			name = Products;
			sourceTree = "<group>";
		};
/* End PBXGroup section */

/* Begin PBXNativeTarget section */
		F81ADDCD2D3DC73F00D7F0B7 /* Sailing */ = {
			isa = PBXNativeTarget;
			buildConfigurationList = F81ADDF22D3DC74000D7F0B7 /* Build configuration list for PBXNativeTarget "Sailing" */;
			buildPhases = (
				F81ADDCA2D3DC73F00D7F0B7 /* Sources */,
				F81ADDCB2D3DC73F00D7F0B7 /* Frameworks */,
				F81ADDCC2D3DC73F00D7F0B7 /* Resources */,
			);
			buildRules = (
			);
			dependencies = (
			);
			fileSystemSynchronizedGroups = (
				F81ADDD02D3DC73F00D7F0B7 /* Sailing */,
			);
			name = Sailing;
			packageProductDependencies = (
			);
			productName = Sailing;
			productReference = F81ADDCE2D3DC73F00D7F0B7 /* Sailing.app */;
			productType = "com.apple.product-type.application";
		};
		F81ADDDD2D3DC74000D7F0B7 /* SailingTests */ = {
			isa = PBXNativeTarget;
			buildConfigurationList = F81ADDF52D3DC74000D7F0B7 /* Build configuration list for PBXNativeTarget "SailingTests" */;
			buildPhases = (
				F81ADDDA2D3DC74000D7F0B7 /* Sources */,
				F81ADDDB2D3DC74000D7F0B7 /* Frameworks */,
				F81ADDDC2D3DC74000D7F0B7 /* Resources */,
			);
			buildRules = (
			);
			dependencies = (
				F81ADDE02D3DC74000D7F0B7 /* PBXTargetDependency */,
			);
			fileSystemSynchronizedGroups = (
				F81ADDE12D3DC74000D7F0B7 /* SailingTests */,
			);
			name = SailingTests;
			packageProductDependencies = (
			);
			productName = SailingTests;
			productReference = F81ADDDE2D3DC74000D7F0B7 /* SailingTests.xctest */;
			productType = "com.apple.product-type.bundle.unit-test";
		};
		F81ADDE72D3DC74000D7F0B7 /* SailingUITests */ = {
			isa = PBXNativeTarget;
			buildConfigurationList = F81ADDF82D3DC74000D7F0B7 /* Build configuration list for PBXNativeTarget "SailingUITests" */;
			buildPhases = (
				F81ADDE42D3DC74000D7F0B7 /* Sources */,
				F81ADDE52D3DC74000D7F0B7 /* Frameworks */,
				F81ADDE62D3DC74000D7F0B7 /* Resources */,
			);
			buildRules = (
			);
			dependencies = (
				F81ADDEA2D3DC74000D7F0B7 /* PBXTargetDependency */,
			);
			fileSystemSynchronizedGroups = (
				F81ADDEB2D3DC74000D7F0B7 /* SailingUITests */,
			);
			name = SailingUITests;
			packageProductDependencies = (
			);
			productName = SailingUITests;
			productReference = F81ADDE82D3DC74000D7F0B7 /* SailingUITests.xctest */;
			productType = "com.apple.product-type.bundle.ui-testing";
		};
/* End PBXNativeTarget section */

/* Begin PBXProject section */
		F81ADDC62D3DC73F00D7F0B7 /* Project object */ = {
			isa = PBXProject;
			attributes = {
				BuildIndependentTargetsInParallel = 1;
				LastSwiftUpdateCheck = 1620;
				LastUpgradeCheck = 1620;
				TargetAttributes = {
					F81ADDCD2D3DC73F00D7F0B7 = {
						CreatedOnToolsVersion = 16.2;
					};
					F81ADDDD2D3DC74000D7F0B7 = {
						CreatedOnToolsVersion = 16.2;
						TestTargetID = F81ADDCD2D3DC73F00D7F0B7;
					};
					F81ADDE72D3DC74000D7F0B7 = {
						CreatedOnToolsVersion = 16.2;
						TestTargetID = F81ADDCD2D3DC73F00D7F0B7;
					};
				};
			};
			buildConfigurationList = F81ADDC92D3DC73F00D7F0B7 /* Build configuration list for PBXProject "Sailing" */;
			developmentRegion = en;
			hasScannedForEncodings = 0;
			knownRegions = (
				en,
				Base,
			);
			mainGroup = F81ADDC52D3DC73F00D7F0B7;
			minimizedProjectReferenceProxies = 1;
			preferredProjectObjectVersion = 77;
			productRefGroup = F81ADDCF2D3DC73F00D7F0B7 /* Products */;
			projectDirPath = "";
			projectRoot = "";
			targets = (
				F81ADDCD2D3DC73F00D7F0B7 /* Sailing */,
				F81ADDDD2D3DC74000D7F0B7 /* SailingTests */,
				F81ADDE72D3DC74000D7F0B7 /* SailingUITests */,
			);
		};
/* End PBXProject section */

/* Begin PBXResourcesBuildPhase section */
		F81ADDCC2D3DC73F00D7F0B7 /* Resources */ = {
			isa = PBXResourcesBuildPhase;
			buildActionMask = 2147483647;
			files = (
				F81ADE4C2D3DCB7100D7F0B7 /* Settings.bundle in Resources */,
				F81ADDFC2D3DC7E200D7F0B7 /* Launch Screen.storyboard in Resources */,
				F81ADE892D3DCFF000D7F0B7 /* README.md in Resources */,
			);
			runOnlyForDeploymentPostprocessing = 0;
		};
		F81ADDDC2D3DC74000D7F0B7 /* Resources */ = {
			isa = PBXResourcesBuildPhase;
			buildActionMask = 2147483647;
			files = (
			);
			runOnlyForDeploymentPostprocessing = 0;
		};
		F81ADDE62D3DC74000D7F0B7 /* Resources */ = {
			isa = PBXResourcesBuildPhase;
			buildActionMask = 2147483647;
			files = (
			);
			runOnlyForDeploymentPostprocessing = 0;
		};
/* End PBXResourcesBuildPhase section */

/* Begin PBXSourcesBuildPhase section */
		F81ADDCA2D3DC73F00D7F0B7 /* Sources */ = {
			isa = PBXSourcesBuildPhase;
			buildActionMask = 2147483647;
			files = (
			);
			runOnlyForDeploymentPostprocessing = 0;
		};
		F81ADDDA2D3DC74000D7F0B7 /* Sources */ = {
			isa = PBXSourcesBuildPhase;
			buildActionMask = 2147483647;
			files = (
			);
			runOnlyForDeploymentPostprocessing = 0;
		};
		F81ADDE42D3DC74000D7F0B7 /* Sources */ = {
			isa = PBXSourcesBuildPhase;
			buildActionMask = 2147483647;
			files = (
			);
			runOnlyForDeploymentPostprocessing = 0;
		};
/* End PBXSourcesBuildPhase section */

/* Begin PBXTargetDependency section */
		F81ADDE02D3DC74000D7F0B7 /* PBXTargetDependency */ = {
			isa = PBXTargetDependency;
			target = F81ADDCD2D3DC73F00D7F0B7 /* Sailing */;
			targetProxy = F81ADDDF2D3DC74000D7F0B7 /* PBXContainerItemProxy */;
		};
		F81ADDEA2D3DC74000D7F0B7 /* PBXTargetDependency */ = {
			isa = PBXTargetDependency;
			target = F81ADDCD2D3DC73F00D7F0B7 /* Sailing */;
			targetProxy = F81ADDE92D3DC74000D7F0B7 /* PBXContainerItemProxy */;
		};
/* End PBXTargetDependency section */

/* Begin XCBuildConfiguration section */
		F81ADDF02D3DC74000D7F0B7 /* Debug */ = {
			isa = XCBuildConfiguration;
			buildSettings = {
				ALWAYS_SEARCH_USER_PATHS = NO;
				ASSETCATALOG_COMPILER_GENERATE_SWIFT_ASSET_SYMBOL_EXTENSIONS = YES;
				CLANG_ANALYZER_NONNULL = YES;
				CLANG_ANALYZER_NUMBER_OBJECT_CONVERSION = YES_AGGRESSIVE;
				CLANG_CXX_LANGUAGE_STANDARD = "gnu++20";
				CLANG_ENABLE_MODULES = YES;
				CLANG_ENABLE_OBJC_ARC = YES;
				CLANG_ENABLE_OBJC_WEAK = YES;
				CLANG_WARN_BLOCK_CAPTURE_AUTORELEASING = YES;
				CLANG_WARN_BOOL_CONVERSION = YES;
				CLANG_WARN_COMMA = YES;
				CLANG_WARN_CONSTANT_CONVERSION = YES;
				CLANG_WARN_DEPRECATED_OBJC_IMPLEMENTATIONS = YES;
				CLANG_WARN_DIRECT_OBJC_ISA_USAGE = YES_ERROR;
				CLANG_WARN_DOCUMENTATION_COMMENTS = YES;
				CLANG_WARN_EMPTY_BODY = YES;
				CLANG_WARN_ENUM_CONVERSION = YES;
				CLANG_WARN_INFINITE_RECURSION = YES;
				CLANG_WARN_INT_CONVERSION = YES;
				CLANG_WARN_NON_LITERAL_NULL_CONVERSION = YES;
				CLANG_WARN_OBJC_IMPLICIT_RETAIN_SELF = YES;
				CLANG_WARN_OBJC_LITERAL_CONVERSION = YES;
				CLANG_WARN_OBJC_ROOT_CLASS = YES_ERROR;
				CLANG_WARN_QUOTED_INCLUDE_IN_FRAMEWORK_HEADER = YES;
				CLANG_WARN_RANGE_LOOP_ANALYSIS = YES;
				CLANG_WARN_STRICT_PROTOTYPES = YES;
				CLANG_WARN_SUSPICIOUS_MOVE = YES;
				CLANG_WARN_UNGUARDED_AVAILABILITY = YES_AGGRESSIVE;
				CLANG_WARN_UNREACHABLE_CODE = YES;
				CLANG_WARN__DUPLICATE_METHOD_MATCH = YES;
				COPY_PHASE_STRIP = NO;
				DEBUG_INFORMATION_FORMAT = dwarf;
				ENABLE_STRICT_OBJC_MSGSEND = YES;
				ENABLE_TESTABILITY = YES;
				ENABLE_USER_SCRIPT_SANDBOXING = YES;
				GCC_C_LANGUAGE_STANDARD = gnu17;
				GCC_DYNAMIC_NO_PIC = NO;
				GCC_NO_COMMON_BLOCKS = YES;
				GCC_OPTIMIZATION_LEVEL = 0;
				GCC_PREPROCESSOR_DEFINITIONS = (
					"DEBUG=1",
					"$(inherited)",
				);
				GCC_WARN_64_TO_32_BIT_CONVERSION = YES;
				GCC_WARN_ABOUT_RETURN_TYPE = YES_ERROR;
				GCC_WARN_UNDECLARED_SELECTOR = YES;
				GCC_WARN_UNINITIALIZED_AUTOS = YES_AGGRESSIVE;
				GCC_WARN_UNUSED_FUNCTION = YES;
				GCC_WARN_UNUSED_VARIABLE = YES;
				IPHONEOS_DEPLOYMENT_TARGET = 18.2;
				LOCALIZATION_PREFERS_STRING_CATALOGS = YES;
				MTL_ENABLE_DEBUG_INFO = INCLUDE_SOURCE;
				MTL_FAST_MATH = YES;
				ONLY_ACTIVE_ARCH = YES;
				SDKROOT = iphoneos;
				SWIFT_ACTIVE_COMPILATION_CONDITIONS = "DEBUG $(inherited)";
				SWIFT_OPTIMIZATION_LEVEL = "-Onone";
			};
			name = Debug;
		};
		F81ADDF12D3DC74000D7F0B7 /* Release */ = {
			isa = XCBuildConfiguration;
			buildSettings = {
				ALWAYS_SEARCH_USER_PATHS = NO;
				ASSETCATALOG_COMPILER_GENERATE_SWIFT_ASSET_SYMBOL_EXTENSIONS = YES;
				CLANG_ANALYZER_NONNULL = YES;
				CLANG_ANALYZER_NUMBER_OBJECT_CONVERSION = YES_AGGRESSIVE;
				CLANG_CXX_LANGUAGE_STANDARD = "gnu++20";
				CLANG_ENABLE_MODULES = YES;
				CLANG_ENABLE_OBJC_ARC = YES;
				CLANG_ENABLE_OBJC_WEAK = YES;
				CLANG_WARN_BLOCK_CAPTURE_AUTORELEASING = YES;
				CLANG_WARN_BOOL_CONVERSION = YES;
				CLANG_WARN_COMMA = YES;
				CLANG_WARN_CONSTANT_CONVERSION = YES;
				CLANG_WARN_DEPRECATED_OBJC_IMPLEMENTATIONS = YES;
				CLANG_WARN_DIRECT_OBJC_ISA_USAGE = YES_ERROR;
				CLANG_WARN_DOCUMENTATION_COMMENTS = YES;
				CLANG_WARN_EMPTY_BODY = YES;
				CLANG_WARN_ENUM_CONVERSION = YES;
				CLANG_WARN_INFINITE_RECURSION = YES;
				CLANG_WARN_INT_CONVERSION = YES;
				CLANG_WARN_NON_LITERAL_NULL_CONVERSION = YES;
				CLANG_WARN_OBJC_IMPLICIT_RETAIN_SELF = YES;
				CLANG_WARN_OBJC_LITERAL_CONVERSION = YES;
				CLANG_WARN_OBJC_ROOT_CLASS = YES_ERROR;
				CLANG_WARN_QUOTED_INCLUDE_IN_FRAMEWORK_HEADER = YES;
				CLANG_WARN_RANGE_LOOP_ANALYSIS = YES;
				CLANG_WARN_STRICT_PROTOTYPES = YES;
				CLANG_WARN_SUSPICIOUS_MOVE = YES;
				CLANG_WARN_UNGUARDED_AVAILABILITY = YES_AGGRESSIVE;
				CLANG_WARN_UNREACHABLE_CODE = YES;
				CLANG_WARN__DUPLICATE_METHOD_MATCH = YES;
				COPY_PHASE_STRIP = NO;
				DEBUG_INFORMATION_FORMAT = "dwarf-with-dsym";
				ENABLE_NS_ASSERTIONS = NO;
				ENABLE_STRICT_OBJC_MSGSEND = YES;
				ENABLE_USER_SCRIPT_SANDBOXING = YES;
				GCC_C_LANGUAGE_STANDARD = gnu17;
				GCC_NO_COMMON_BLOCKS = YES;
				GCC_WARN_64_TO_32_BIT_CONVERSION = YES;
				GCC_WARN_ABOUT_RETURN_TYPE = YES_ERROR;
				GCC_WARN_UNDECLARED_SELECTOR = YES;
				GCC_WARN_UNINITIALIZED_AUTOS = YES_AGGRESSIVE;
				GCC_WARN_UNUSED_FUNCTION = YES;
				GCC_WARN_UNUSED_VARIABLE = YES;
				IPHONEOS_DEPLOYMENT_TARGET = 18.2;
				LOCALIZATION_PREFERS_STRING_CATALOGS = YES;
				MTL_ENABLE_DEBUG_INFO = NO;
				MTL_FAST_MATH = YES;
				SDKROOT = iphoneos;
				SWIFT_COMPILATION_MODE = wholemodule;
				VALIDATE_PRODUCT = YES;
			};
			name = Release;
		};
		F81ADDF32D3DC74000D7F0B7 /* Debug */ = {
			isa = XCBuildConfiguration;
			buildSettings = {
				ASSETCATALOG_COMPILER_APPICON_NAME = AppIcon;
				ASSETCATALOG_COMPILER_GLOBAL_ACCENT_COLOR_NAME = AccentColor;
				CODE_SIGN_ENTITLEMENTS = Sailing/Sailing.entitlements;
				CODE_SIGN_STYLE = Automatic;
				CURRENT_PROJECT_VERSION = 1;
				DEVELOPMENT_ASSET_PATHS = "\"Sailing/Preview Content\"";
				DEVELOPMENT_TEAM = 4ZG25ELEFX;
				ENABLE_PREVIEWS = YES;
				GENERATE_INFOPLIST_FILE = YES;
				INFOPLIST_FILE = Sailing/Info.plist;
				INFOPLIST_KEY_CFBundleDisplayName = "Dinghy Sailing";
				INFOPLIST_KEY_LSApplicationCategoryType = "public.app-category.sports";
				INFOPLIST_KEY_NSLocationWhenInUseUsageDescription = "Sailing needs your permission to use location services in order to display device heading, location and speed.";
				INFOPLIST_KEY_UIApplicationSceneManifest_Generation = YES;
				INFOPLIST_KEY_UIApplicationSupportsIndirectInputEvents = YES;
				INFOPLIST_KEY_UILaunchScreen_Generation = YES;
				INFOPLIST_KEY_UILaunchStoryboardName = "Launch Screen.storyboard";
				INFOPLIST_KEY_UISupportedInterfaceOrientations_iPad = "UIInterfaceOrientationPortrait UIInterfaceOrientationPortraitUpsideDown UIInterfaceOrientationLandscapeLeft UIInterfaceOrientationLandscapeRight";
				INFOPLIST_KEY_UISupportedInterfaceOrientations_iPhone = "UIInterfaceOrientationPortrait UIInterfaceOrientationLandscapeLeft UIInterfaceOrientationLandscapeRight";
				IPHONEOS_DEPLOYMENT_TARGET = 18.0;
				LD_RUNPATH_SEARCH_PATHS = (
					"$(inherited)",
					"@executable_path/Frameworks",
				);
				MARKETING_VERSION = 1.0.3;
				PRODUCT_BUNDLE_IDENTIFIER = org.aspin.Sailing;
				PRODUCT_NAME = "$(TARGET_NAME)";
				SWIFT_EMIT_LOC_STRINGS = YES;
				SWIFT_VERSION = 5.0;
				TARGETED_DEVICE_FAMILY = "1,2";
			};
			name = Debug;
		};
		F81ADDF42D3DC74000D7F0B7 /* Release */ = {
			isa = XCBuildConfiguration;
			buildSettings = {
				ASSETCATALOG_COMPILER_APPICON_NAME = AppIcon;
				ASSETCATALOG_COMPILER_GLOBAL_ACCENT_COLOR_NAME = AccentColor;
				CODE_SIGN_ENTITLEMENTS = Sailing/Sailing.entitlements;
				CODE_SIGN_STYLE = Automatic;
				CURRENT_PROJECT_VERSION = 1;
				DEVELOPMENT_ASSET_PATHS = "\"Sailing/Preview Content\"";
				DEVELOPMENT_TEAM = 4ZG25ELEFX;
				ENABLE_PREVIEWS = YES;
				GENERATE_INFOPLIST_FILE = YES;
				INFOPLIST_FILE = Sailing/Info.plist;
				INFOPLIST_KEY_CFBundleDisplayName = "Dinghy Sailing";
				INFOPLIST_KEY_LSApplicationCategoryType = "public.app-category.sports";
				INFOPLIST_KEY_NSLocationWhenInUseUsageDescription = "Sailing needs your permission to use location services in order to display device heading, location and speed.";
				INFOPLIST_KEY_UIApplicationSceneManifest_Generation = YES;
				INFOPLIST_KEY_UIApplicationSupportsIndirectInputEvents = YES;
				INFOPLIST_KEY_UILaunchScreen_Generation = YES;
				INFOPLIST_KEY_UILaunchStoryboardName = "Launch Screen.storyboard";
				INFOPLIST_KEY_UISupportedInterfaceOrientations_iPad = "UIInterfaceOrientationPortrait UIInterfaceOrientationPortraitUpsideDown UIInterfaceOrientationLandscapeLeft UIInterfaceOrientationLandscapeRight";
				INFOPLIST_KEY_UISupportedInterfaceOrientations_iPhone = "UIInterfaceOrientationPortrait UIInterfaceOrientationLandscapeLeft UIInterfaceOrientationLandscapeRight";
				IPHONEOS_DEPLOYMENT_TARGET = 18.0;
				LD_RUNPATH_SEARCH_PATHS = (
					"$(inherited)",
					"@executable_path/Frameworks",
				);
				MARKETING_VERSION = 1.0.3;
				PRODUCT_BUNDLE_IDENTIFIER = org.aspin.Sailing;
				PRODUCT_NAME = "$(TARGET_NAME)";
				SWIFT_EMIT_LOC_STRINGS = YES;
				SWIFT_VERSION = 5.0;
				TARGETED_DEVICE_FAMILY = "1,2";
			};
			name = Release;
		};
		F81ADDF62D3DC74000D7F0B7 /* Debug */ = {
			isa = XCBuildConfiguration;
			buildSettings = {
				BUNDLE_LOADER = "$(TEST_HOST)";
				CODE_SIGN_STYLE = Automatic;
				CURRENT_PROJECT_VERSION = 1;
				DEVELOPMENT_TEAM = 4ZG25ELEFX;
				GENERATE_INFOPLIST_FILE = YES;
				IPHONEOS_DEPLOYMENT_TARGET = 18.2;
				MARKETING_VERSION = 1.0;
				PRODUCT_BUNDLE_IDENTIFIER = org.aspin.SailingTests;
				PRODUCT_NAME = "$(TARGET_NAME)";
				SWIFT_EMIT_LOC_STRINGS = NO;
				SWIFT_VERSION = 5.0;
				TARGETED_DEVICE_FAMILY = "1,2";
				TEST_HOST = "$(BUILT_PRODUCTS_DIR)/Sailing.app/$(BUNDLE_EXECUTABLE_FOLDER_PATH)/Sailing";
			};
			name = Debug;
		};
		F81ADDF72D3DC74000D7F0B7 /* Release */ = {
			isa = XCBuildConfiguration;
			buildSettings = {
				BUNDLE_LOADER = "$(TEST_HOST)";
				CODE_SIGN_STYLE = Automatic;
				CURRENT_PROJECT_VERSION = 1;
				DEVELOPMENT_TEAM = 4ZG25ELEFX;
				GENERATE_INFOPLIST_FILE = YES;
				IPHONEOS_DEPLOYMENT_TARGET = 18.2;
				MARKETING_VERSION = 1.0;
				PRODUCT_BUNDLE_IDENTIFIER = org.aspin.SailingTests;
				PRODUCT_NAME = "$(TARGET_NAME)";
				SWIFT_EMIT_LOC_STRINGS = NO;
				SWIFT_VERSION = 5.0;
				TARGETED_DEVICE_FAMILY = "1,2";
				TEST_HOST = "$(BUILT_PRODUCTS_DIR)/Sailing.app/$(BUNDLE_EXECUTABLE_FOLDER_PATH)/Sailing";
			};
			name = Release;
		};
		F81ADDF92D3DC74000D7F0B7 /* Debug */ = {
			isa = XCBuildConfiguration;
			buildSettings = {
				CODE_SIGN_STYLE = Automatic;
				CURRENT_PROJECT_VERSION = 1;
				DEVELOPMENT_TEAM = 4ZG25ELEFX;
				GENERATE_INFOPLIST_FILE = YES;
				MARKETING_VERSION = 1.0;
				PRODUCT_BUNDLE_IDENTIFIER = org.aspin.SailingUITests;
				PRODUCT_NAME = "$(TARGET_NAME)";
				SWIFT_EMIT_LOC_STRINGS = NO;
				SWIFT_VERSION = 5.0;
				TARGETED_DEVICE_FAMILY = "1,2";
				TEST_TARGET_NAME = Sailing;
			};
			name = Debug;
		};
		F81ADDFA2D3DC74000D7F0B7 /* Release */ = {
			isa = XCBuildConfiguration;
			buildSettings = {
				CODE_SIGN_STYLE = Automatic;
				CURRENT_PROJECT_VERSION = 1;
				DEVELOPMENT_TEAM = 4ZG25ELEFX;
				GENERATE_INFOPLIST_FILE = YES;
				MARKETING_VERSION = 1.0;
				PRODUCT_BUNDLE_IDENTIFIER = org.aspin.SailingUITests;
				PRODUCT_NAME = "$(TARGET_NAME)";
				SWIFT_EMIT_LOC_STRINGS = NO;
				SWIFT_VERSION = 5.0;
				TARGETED_DEVICE_FAMILY = "1,2";
				TEST_TARGET_NAME = Sailing;
			};
			name = Release;
		};
/* End XCBuildConfiguration section */

/* Begin XCConfigurationList section */
		F81ADDC92D3DC73F00D7F0B7 /* Build configuration list for PBXProject "Sailing" */ = {
			isa = XCConfigurationList;
			buildConfigurations = (
				F81ADDF02D3DC74000D7F0B7 /* Debug */,
				F81ADDF12D3DC74000D7F0B7 /* Release */,
			);
			defaultConfigurationIsVisible = 0;
			defaultConfigurationName = Release;
		};
		F81ADDF22D3DC74000D7F0B7 /* Build configuration list for PBXNativeTarget "Sailing" */ = {
			isa = XCConfigurationList;
			buildConfigurations = (
				F81ADDF32D3DC74000D7F0B7 /* Debug */,
				F81ADDF42D3DC74000D7F0B7 /* Release */,
			);
			defaultConfigurationIsVisible = 0;
			defaultConfigurationName = Release;
		};
		F81ADDF52D3DC74000D7F0B7 /* Build configuration list for PBXNativeTarget "SailingTests" */ = {
			isa = XCConfigurationList;
			buildConfigurations = (
				F81ADDF62D3DC74000D7F0B7 /* Debug */,
				F81ADDF72D3DC74000D7F0B7 /* Release */,
			);
			defaultConfigurationIsVisible = 0;
			defaultConfigurationName = Release;
		};
		F81ADDF82D3DC74000D7F0B7 /* Build configuration list for PBXNativeTarget "SailingUITests" */ = {
			isa = XCConfigurationList;
			buildConfigurations = (
				F81ADDF92D3DC74000D7F0B7 /* Debug */,
				F81ADDFA2D3DC74000D7F0B7 /* Release */,
			);
			defaultConfigurationIsVisible = 0;
			defaultConfigurationName = Release;
		};
/* End XCConfigurationList section */
	};
	rootObject = F81ADDC62D3DC73F00D7F0B7 /* Project object */;
}
